// !$*UTF8*$!
{
	archiveVersion = 1;
	classes = {
	};
	objectVersion = 56;
	objects = {

/* Begin PBXBuildFile section */
		E186B72B2B0787DF0069B4FD /* OTTContentTableViewCell.swift in Sources */ = {isa = PBXBuildFile; fileRef = E186B7292B0787DF0069B4FD /* OTTContentTableViewCell.swift */; };
		E186B72C2B0787DF0069B4FD /* OTTContentTableViewCell.xib in Resources */ = {isa = PBXBuildFile; fileRef = E186B72A2B0787DF0069B4FD /* OTTContentTableViewCell.xib */; };
		E186B7302B078ADA0069B4FD /* MovieContentCollectionViewCell.swift in Sources */ = {isa = PBXBuildFile; fileRef = E186B72E2B078ADA0069B4FD /* MovieContentCollectionViewCell.swift */; };
		E186B7312B078ADA0069B4FD /* MovieContentCollectionViewCell.xib in Resources */ = {isa = PBXBuildFile; fileRef = E186B72F2B078ADA0069B4FD /* MovieContentCollectionViewCell.xib */; };
		E19722722B07D55F005429E9 /* CustomHeaderTableViewCell.swift in Sources */ = {isa = PBXBuildFile; fileRef = E19722712B07D55F005429E9 /* CustomHeaderTableViewCell.swift */; };
		E19722742B07F0A1005429E9 /* HomeViewController+TableView.swift in Sources */ = {isa = PBXBuildFile; fileRef = E19722732B07F0A1005429E9 /* HomeViewController+TableView.swift */; };
		E19722762B07F118005429E9 /* OTTContentTVCell+CollectionView.swift in Sources */ = {isa = PBXBuildFile; fileRef = E19722752B07F118005429E9 /* OTTContentTVCell+CollectionView.swift */; };
		E1BC24312B06C3230038CFDD /* AppDelegate.swift in Sources */ = {isa = PBXBuildFile; fileRef = E1BC24302B06C3230038CFDD /* AppDelegate.swift */; };
		E1BC24332B06C3230038CFDD /* SceneDelegate.swift in Sources */ = {isa = PBXBuildFile; fileRef = E1BC24322B06C3230038CFDD /* SceneDelegate.swift */; };
		E1BC243A2B06C3260038CFDD /* Assets.xcassets in Resources */ = {isa = PBXBuildFile; fileRef = E1BC24392B06C3260038CFDD /* Assets.xcassets */; };
		E1BC243D2B06C3260038CFDD /* LaunchScreen.storyboard in Resources */ = {isa = PBXBuildFile; fileRef = E1BC243B2B06C3260038CFDD /* LaunchScreen.storyboard */; };
		E1BC24452B06C3E80038CFDD /* Home.storyboard in Resources */ = {isa = PBXBuildFile; fileRef = E1BC24442B06C3E80038CFDD /* Home.storyboard */; };
		E1BC24472B06C3FC0038CFDD /* HomeViewController.swift in Sources */ = {isa = PBXBuildFile; fileRef = E1BC24462B06C3FC0038CFDD /* HomeViewController.swift */; };
		E1BC244C2B06C6AA0038CFDD /* Color.xcassets in Resources */ = {isa = PBXBuildFile; fileRef = E1BC244B2B06C6AA0038CFDD /* Color.xcassets */; };
		E1BC24532B06CA5D0038CFDD /* NetworkLayer+DataTask.swift in Sources */ = {isa = PBXBuildFile; fileRef = E1BC244D2B06CA5D0038CFDD /* NetworkLayer+DataTask.swift */; };
		E1BC24542B06CA5D0038CFDD /* NetworkLayer.swift in Sources */ = {isa = PBXBuildFile; fileRef = E1BC244E2B06CA5D0038CFDD /* NetworkLayer.swift */; };
		E1BC24552B06CA5D0038CFDD /* URLGenerator.swift in Sources */ = {isa = PBXBuildFile; fileRef = E1BC244F2B06CA5D0038CFDD /* URLGenerator.swift */; };
		E1BC24562B06CA5D0038CFDD /* APIRequest.swift in Sources */ = {isa = PBXBuildFile; fileRef = E1BC24502B06CA5D0038CFDD /* APIRequest.swift */; };
		E1BC24572B06CA5D0038CFDD /* NetworkError.swift in Sources */ = {isa = PBXBuildFile; fileRef = E1BC24512B06CA5D0038CFDD /* NetworkError.swift */; };
		E1BC24582B06CA5D0038CFDD /* JSONParser.swift in Sources */ = {isa = PBXBuildFile; fileRef = E1BC24522B06CA5D0038CFDD /* JSONParser.swift */; };
		E1BC245C2B06CAE50038CFDD /* HomeModel.swift in Sources */ = {isa = PBXBuildFile; fileRef = E1BC245B2B06CAE50038CFDD /* HomeModel.swift */; };
		E1BC245E2B06CAF00038CFDD /* HomeViewModel.swift in Sources */ = {isa = PBXBuildFile; fileRef = E1BC245D2B06CAF00038CFDD /* HomeViewModel.swift */; };
		E1BC24632B06CF130038CFDD /* ConfigManager.swift in Sources */ = {isa = PBXBuildFile; fileRef = E1BC24622B06CF130038CFDD /* ConfigManager.swift */; };
		E1BC24662B06CF940038CFDD /* Constants.swift in Sources */ = {isa = PBXBuildFile; fileRef = E1BC24652B06CF940038CFDD /* Constants.swift */; };
/* End PBXBuildFile section */

/* Begin PBXFileReference section */
		E186B7292B0787DF0069B4FD /* OTTContentTableViewCell.swift */ = {isa = PBXFileReference; lastKnownFileType = sourcecode.swift; path = OTTContentTableViewCell.swift; sourceTree = "<group>"; };
		E186B72A2B0787DF0069B4FD /* OTTContentTableViewCell.xib */ = {isa = PBXFileReference; lastKnownFileType = file.xib; path = OTTContentTableViewCell.xib; sourceTree = "<group>"; };
		E186B72E2B078ADA0069B4FD /* MovieContentCollectionViewCell.swift */ = {isa = PBXFileReference; lastKnownFileType = sourcecode.swift; path = MovieContentCollectionViewCell.swift; sourceTree = "<group>"; };
		E186B72F2B078ADA0069B4FD /* MovieContentCollectionViewCell.xib */ = {isa = PBXFileReference; lastKnownFileType = file.xib; path = MovieContentCollectionViewCell.xib; sourceTree = "<group>"; };
		E19722712B07D55F005429E9 /* CustomHeaderTableViewCell.swift */ = {isa = PBXFileReference; lastKnownFileType = sourcecode.swift; path = CustomHeaderTableViewCell.swift; sourceTree = "<group>"; };
		E19722732B07F0A1005429E9 /* HomeViewController+TableView.swift */ = {isa = PBXFileReference; lastKnownFileType = sourcecode.swift; path = "HomeViewController+TableView.swift"; sourceTree = "<group>"; };
		E19722752B07F118005429E9 /* OTTContentTVCell+CollectionView.swift */ = {isa = PBXFileReference; lastKnownFileType = sourcecode.swift; path = "OTTContentTVCell+CollectionView.swift"; sourceTree = "<group>"; };
		E1BC242D2B06C3230038CFDD /* SugarBox.app */ = {isa = PBXFileReference; explicitFileType = wrapper.application; includeInIndex = 0; path = SugarBox.app; sourceTree = BUILT_PRODUCTS_DIR; };
		E1BC24302B06C3230038CFDD /* AppDelegate.swift */ = {isa = PBXFileReference; lastKnownFileType = sourcecode.swift; path = AppDelegate.swift; sourceTree = "<group>"; };
		E1BC24322B06C3230038CFDD /* SceneDelegate.swift */ = {isa = PBXFileReference; lastKnownFileType = sourcecode.swift; path = SceneDelegate.swift; sourceTree = "<group>"; };
		E1BC24392B06C3260038CFDD /* Assets.xcassets */ = {isa = PBXFileReference; lastKnownFileType = folder.assetcatalog; path = Assets.xcassets; sourceTree = "<group>"; };
		E1BC243C2B06C3260038CFDD /* Base */ = {isa = PBXFileReference; lastKnownFileType = file.storyboard; name = Base; path = Base.lproj/LaunchScreen.storyboard; sourceTree = "<group>"; };
		E1BC243E2B06C3260038CFDD /* Info.plist */ = {isa = PBXFileReference; lastKnownFileType = text.plist.xml; path = Info.plist; sourceTree = "<group>"; };
		E1BC24442B06C3E80038CFDD /* Home.storyboard */ = {isa = PBXFileReference; lastKnownFileType = file.storyboard; path = Home.storyboard; sourceTree = "<group>"; };
		E1BC24462B06C3FC0038CFDD /* HomeViewController.swift */ = {isa = PBXFileReference; lastKnownFileType = sourcecode.swift; path = HomeViewController.swift; sourceTree = "<group>"; };
		E1BC244B2B06C6AA0038CFDD /* Color.xcassets */ = {isa = PBXFileReference; lastKnownFileType = folder.assetcatalog; path = Color.xcassets; sourceTree = "<group>"; };
		E1BC244D2B06CA5D0038CFDD /* NetworkLayer+DataTask.swift */ = {isa = PBXFileReference; lastKnownFileType = sourcecode.swift; path = "NetworkLayer+DataTask.swift"; sourceTree = "<group>"; };
		E1BC244E2B06CA5D0038CFDD /* NetworkLayer.swift */ = {isa = PBXFileReference; lastKnownFileType = sourcecode.swift; path = NetworkLayer.swift; sourceTree = "<group>"; };
		E1BC244F2B06CA5D0038CFDD /* URLGenerator.swift */ = {isa = PBXFileReference; lastKnownFileType = sourcecode.swift; path = URLGenerator.swift; sourceTree = "<group>"; };
		E1BC24502B06CA5D0038CFDD /* APIRequest.swift */ = {isa = PBXFileReference; lastKnownFileType = sourcecode.swift; path = APIRequest.swift; sourceTree = "<group>"; };
		E1BC24512B06CA5D0038CFDD /* NetworkError.swift */ = {isa = PBXFileReference; lastKnownFileType = sourcecode.swift; path = NetworkError.swift; sourceTree = "<group>"; };
		E1BC24522B06CA5D0038CFDD /* JSONParser.swift */ = {isa = PBXFileReference; lastKnownFileType = sourcecode.swift; path = JSONParser.swift; sourceTree = "<group>"; };
		E1BC245B2B06CAE50038CFDD /* HomeModel.swift */ = {isa = PBXFileReference; lastKnownFileType = sourcecode.swift; path = HomeModel.swift; sourceTree = "<group>"; };
		E1BC245D2B06CAF00038CFDD /* HomeViewModel.swift */ = {isa = PBXFileReference; lastKnownFileType = sourcecode.swift; path = HomeViewModel.swift; sourceTree = "<group>"; };
		E1BC24612B06CE3C0038CFDD /* Config.xcconfig */ = {isa = PBXFileReference; lastKnownFileType = text.xcconfig; path = Config.xcconfig; sourceTree = "<group>"; };
		E1BC24622B06CF130038CFDD /* ConfigManager.swift */ = {isa = PBXFileReference; lastKnownFileType = sourcecode.swift; path = ConfigManager.swift; sourceTree = "<group>"; };
		E1BC24652B06CF940038CFDD /* Constants.swift */ = {isa = PBXFileReference; lastKnownFileType = sourcecode.swift; path = Constants.swift; sourceTree = "<group>"; };
/* End PBXFileReference section */

/* Begin PBXFrameworksBuildPhase section */
		E1BC242A2B06C3230038CFDD /* Frameworks */ = {
			isa = PBXFrameworksBuildPhase;
			buildActionMask = 2147483647;
			files = (
			);
			runOnlyForDeploymentPostprocessing = 0;
		};
/* End PBXFrameworksBuildPhase section */

/* Begin PBXGroup section */
		E186B72D2B0787E20069B4FD /* Table Cells */ = {
			isa = PBXGroup;
			children = (
				E186B72A2B0787DF0069B4FD /* OTTContentTableViewCell.xib */,
				E186B7292B0787DF0069B4FD /* OTTContentTableViewCell.swift */,
				E19722752B07F118005429E9 /* OTTContentTVCell+CollectionView.swift */,
				E19722712B07D55F005429E9 /* CustomHeaderTableViewCell.swift */,
			);
			path = "Table Cells";
			sourceTree = "<group>";
		};
		E186B7322B078ADD0069B4FD /* Collection Cells */ = {
			isa = PBXGroup;
			children = (
				E186B72E2B078ADA0069B4FD /* MovieContentCollectionViewCell.swift */,
				E186B72F2B078ADA0069B4FD /* MovieContentCollectionViewCell.xib */,
			);
			path = "Collection Cells";
			sourceTree = "<group>";
		};
		E19722772B07F16D005429E9 /* Home Section */ = {
			isa = PBXGroup;
			children = (
				E1BC245F2B06CAF60038CFDD /* Model */,
				E1BC245A2B06CAD70038CFDD /* Views */,
				E1BC24602B06CAFA0038CFDD /* ViewModel */,
			);
			path = "Home Section";
			sourceTree = "<group>";
		};
		E1BC24242B06C3230038CFDD = {
			isa = PBXGroup;
			children = (
				E1BC242F2B06C3230038CFDD /* SugarBox */,
				E1BC242E2B06C3230038CFDD /* Products */,
			);
			sourceTree = "<group>";
		};
		E1BC242E2B06C3230038CFDD /* Products */ = {
			isa = PBXGroup;
			children = (
				E1BC242D2B06C3230038CFDD /* SugarBox.app */,
			);
			name = Products;
			sourceTree = "<group>";
		};
		E1BC242F2B06C3230038CFDD /* SugarBox */ = {
			isa = PBXGroup;
			children = (
				E1BC24492B06C5C00038CFDD /* App Lifecycle */,
				E1BC24592B06CA670038CFDD /* NetworkLayer */,
				E1BC24482B06C5B60038CFDD /* Module */,
				E1BC24672B06CF980038CFDD /* Comman */,
				E1BC244A2B06C5CF0038CFDD /* Resources */,
				E1BC24642B06CF1D0038CFDD /* Configuration */,
				E1BC243E2B06C3260038CFDD /* Info.plist */,
			);
			path = SugarBox;
			sourceTree = "<group>";
		};
		E1BC24482B06C5B60038CFDD /* Module */ = {
			isa = PBXGroup;
			children = (
				E19722772B07F16D005429E9 /* Home Section */,
			);
			path = Module;
			sourceTree = "<group>";
		};
		E1BC24492B06C5C00038CFDD /* App Lifecycle */ = {
			isa = PBXGroup;
			children = (
				E1BC24302B06C3230038CFDD /* AppDelegate.swift */,
				E1BC24322B06C3230038CFDD /* SceneDelegate.swift */,
			);
			path = "App Lifecycle";
			sourceTree = "<group>";
		};
		E1BC244A2B06C5CF0038CFDD /* Resources */ = {
			isa = PBXGroup;
			children = (
				E1BC24392B06C3260038CFDD /* Assets.xcassets */,
				E1BC244B2B06C6AA0038CFDD /* Color.xcassets */,
				E1BC243B2B06C3260038CFDD /* LaunchScreen.storyboard */,
			);
			path = Resources;
			sourceTree = "<group>";
		};
		E1BC24592B06CA670038CFDD /* NetworkLayer */ = {
			isa = PBXGroup;
			children = (
				E1BC244D2B06CA5D0038CFDD /* NetworkLayer+DataTask.swift */,
				E1BC244E2B06CA5D0038CFDD /* NetworkLayer.swift */,
				E1BC244F2B06CA5D0038CFDD /* URLGenerator.swift */,
				E1BC24502B06CA5D0038CFDD /* APIRequest.swift */,
				E1BC24512B06CA5D0038CFDD /* NetworkError.swift */,
				E1BC24522B06CA5D0038CFDD /* JSONParser.swift */,
			);
			path = NetworkLayer;
			sourceTree = "<group>";
		};
		E1BC245A2B06CAD70038CFDD /* Views */ = {
			isa = PBXGroup;
			children = (
				E1BC24442B06C3E80038CFDD /* Home.storyboard */,
				E1BC24462B06C3FC0038CFDD /* HomeViewController.swift */,
				E19722732B07F0A1005429E9 /* HomeViewController+TableView.swift */,
				E186B72D2B0787E20069B4FD /* Table Cells */,
				E186B7322B078ADD0069B4FD /* Collection Cells */,
			);
			path = Views;
			sourceTree = "<group>";
		};
		E1BC245F2B06CAF60038CFDD /* Model */ = {
			isa = PBXGroup;
			children = (
				E1BC245B2B06CAE50038CFDD /* HomeModel.swift */,
			);
			path = Model;
			sourceTree = "<group>";
		};
		E1BC24602B06CAFA0038CFDD /* ViewModel */ = {
			isa = PBXGroup;
			children = (
				E1BC245D2B06CAF00038CFDD /* HomeViewModel.swift */,
			);
			path = ViewModel;
			sourceTree = "<group>";
		};
		E1BC24642B06CF1D0038CFDD /* Configuration */ = {
			isa = PBXGroup;
			children = (
				E1BC24612B06CE3C0038CFDD /* Config.xcconfig */,
				E1BC24622B06CF130038CFDD /* ConfigManager.swift */,
			);
			path = Configuration;
			sourceTree = "<group>";
		};
		E1BC24672B06CF980038CFDD /* Comman */ = {
			isa = PBXGroup;
			children = (
				E1BC24652B06CF940038CFDD /* Constants.swift */,
			);
			path = Comman;
			sourceTree = "<group>";
		};
/* End PBXGroup section */

/* Begin PBXNativeTarget section */
		E1BC242C2B06C3230038CFDD /* SugarBox */ = {
			isa = PBXNativeTarget;
			buildConfigurationList = E1BC24412B06C3260038CFDD /* Build configuration list for PBXNativeTarget "SugarBox" */;
			buildPhases = (
				E1BC24292B06C3230038CFDD /* Sources */,
				E1BC242A2B06C3230038CFDD /* Frameworks */,
				E1BC242B2B06C3230038CFDD /* Resources */,
			);
			buildRules = (
			);
			dependencies = (
			);
			name = SugarBox;
			productName = SugarBox;
			productReference = E1BC242D2B06C3230038CFDD /* SugarBox.app */;
			productType = "com.apple.product-type.application";
		};
/* End PBXNativeTarget section */

/* Begin PBXProject section */
		E1BC24252B06C3230038CFDD /* Project object */ = {
			isa = PBXProject;
			attributes = {
				BuildIndependentTargetsInParallel = 1;
				LastSwiftUpdateCheck = 1500;
				LastUpgradeCheck = 1500;
				TargetAttributes = {
					E1BC242C2B06C3230038CFDD = {
						CreatedOnToolsVersion = 15.0.1;
					};
				};
			};
			buildConfigurationList = E1BC24282B06C3230038CFDD /* Build configuration list for PBXProject "SugarBox" */;
			compatibilityVersion = "Xcode 14.0";
			developmentRegion = en;
			hasScannedForEncodings = 0;
			knownRegions = (
				en,
				Base,
			);
			mainGroup = E1BC24242B06C3230038CFDD;
			productRefGroup = E1BC242E2B06C3230038CFDD /* Products */;
			projectDirPath = "";
			projectRoot = "";
			targets = (
				E1BC242C2B06C3230038CFDD /* SugarBox */,
			);
		};
/* End PBXProject section */

/* Begin PBXResourcesBuildPhase section */
		E1BC242B2B06C3230038CFDD /* Resources */ = {
			isa = PBXResourcesBuildPhase;
			buildActionMask = 2147483647;
			files = (
				E1BC24452B06C3E80038CFDD /* Home.storyboard in Resources */,
				E186B72C2B0787DF0069B4FD /* OTTContentTableViewCell.xib in Resources */,
				E1BC244C2B06C6AA0038CFDD /* Color.xcassets in Resources */,
				E1BC243D2B06C3260038CFDD /* LaunchScreen.storyboard in Resources */,
				E1BC243A2B06C3260038CFDD /* Assets.xcassets in Resources */,
				E186B7312B078ADA0069B4FD /* MovieContentCollectionViewCell.xib in Resources */,
			);
			runOnlyForDeploymentPostprocessing = 0;
		};
/* End PBXResourcesBuildPhase section */

/* Begin PBXSourcesBuildPhase section */
		E1BC24292B06C3230038CFDD /* Sources */ = {
			isa = PBXSourcesBuildPhase;
			buildActionMask = 2147483647;
			files = (
				E1BC24312B06C3230038CFDD /* AppDelegate.swift in Sources */,
				E19722722B07D55F005429E9 /* CustomHeaderTableViewCell.swift in Sources */,
				E1BC245E2B06CAF00038CFDD /* HomeViewModel.swift in Sources */,
				E19722742B07F0A1005429E9 /* HomeViewController+TableView.swift in Sources */,
				E1BC24572B06CA5D0038CFDD /* NetworkError.swift in Sources */,
				E1BC24582B06CA5D0038CFDD /* JSONParser.swift in Sources */,
				E1BC24562B06CA5D0038CFDD /* APIRequest.swift in Sources */,
				E1BC24552B06CA5D0038CFDD /* URLGenerator.swift in Sources */,
				E19722762B07F118005429E9 /* OTTContentTVCell+CollectionView.swift in Sources */,
				E1BC24532B06CA5D0038CFDD /* NetworkLayer+DataTask.swift in Sources */,
				E1BC24662B06CF940038CFDD /* Constants.swift in Sources */,
				E1BC24332B06C3230038CFDD /* SceneDelegate.swift in Sources */,
				E1BC24542B06CA5D0038CFDD /* NetworkLayer.swift in Sources */,
				E1BC245C2B06CAE50038CFDD /* HomeModel.swift in Sources */,
				E1BC24472B06C3FC0038CFDD /* HomeViewController.swift in Sources */,
				E186B7302B078ADA0069B4FD /* MovieContentCollectionViewCell.swift in Sources */,
				E1BC24632B06CF130038CFDD /* ConfigManager.swift in Sources */,
				E186B72B2B0787DF0069B4FD /* OTTContentTableViewCell.swift in Sources */,
			);
			runOnlyForDeploymentPostprocessing = 0;
		};
/* End PBXSourcesBuildPhase section */

/* Begin PBXVariantGroup section */
		E1BC243B2B06C3260038CFDD /* LaunchScreen.storyboard */ = {
			isa = PBXVariantGroup;
			children = (
				E1BC243C2B06C3260038CFDD /* Base */,
			);
			name = LaunchScreen.storyboard;
			sourceTree = "<group>";
		};
/* End PBXVariantGroup section */

/* Begin XCBuildConfiguration section */
		E1BC243F2B06C3260038CFDD /* Debug */ = {
			isa = XCBuildConfiguration;
			baseConfigurationReference = E1BC24612B06CE3C0038CFDD /* Config.xcconfig */;
			buildSettings = {
				ALWAYS_SEARCH_USER_PATHS = NO;
				ASSETCATALOG_COMPILER_GENERATE_SWIFT_ASSET_SYMBOL_EXTENSIONS = YES;
				CLANG_ANALYZER_NONNULL = YES;
				CLANG_ANALYZER_NUMBER_OBJECT_CONVERSION = YES_AGGRESSIVE;
				CLANG_CXX_LANGUAGE_STANDARD = "gnu++20";
				CLANG_ENABLE_MODULES = YES;
				CLANG_ENABLE_OBJC_ARC = YES;
				CLANG_ENABLE_OBJC_WEAK = YES;
				CLANG_WARN_BLOCK_CAPTURE_AUTORELEASING = YES;
				CLANG_WARN_BOOL_CONVERSION = YES;
				CLANG_WARN_COMMA = YES;
				CLANG_WARN_CONSTANT_CONVERSION = YES;
				CLANG_WARN_DEPRECATED_OBJC_IMPLEMENTATIONS = YES;
				CLANG_WARN_DIRECT_OBJC_ISA_USAGE = YES_ERROR;
				CLANG_WARN_DOCUMENTATION_COMMENTS = YES;
				CLANG_WARN_EMPTY_BODY = YES;
				CLANG_WARN_ENUM_CONVERSION = YES;
				CLANG_WARN_INFINITE_RECURSION = YES;
				CLANG_WARN_INT_CONVERSION = YES;
				CLANG_WARN_NON_LITERAL_NULL_CONVERSION = YES;
				CLANG_WARN_OBJC_IMPLICIT_RETAIN_SELF = YES;
				CLANG_WARN_OBJC_LITERAL_CONVERSION = YES;
				CLANG_WARN_OBJC_ROOT_CLASS = YES_ERROR;
				CLANG_WARN_QUOTED_INCLUDE_IN_FRAMEWORK_HEADER = YES;
				CLANG_WARN_RANGE_LOOP_ANALYSIS = YES;
				CLANG_WARN_STRICT_PROTOTYPES = YES;
				CLANG_WARN_SUSPICIOUS_MOVE = YES;
				CLANG_WARN_UNGUARDED_AVAILABILITY = YES_AGGRESSIVE;
				CLANG_WARN_UNREACHABLE_CODE = YES;
				CLANG_WARN__DUPLICATE_METHOD_MATCH = YES;
				COPY_PHASE_STRIP = NO;
				DEBUG_INFORMATION_FORMAT = dwarf;
				ENABLE_STRICT_OBJC_MSGSEND = YES;
				ENABLE_TESTABILITY = YES;
				ENABLE_USER_SCRIPT_SANDBOXING = YES;
				GCC_C_LANGUAGE_STANDARD = gnu17;
				GCC_DYNAMIC_NO_PIC = NO;
				GCC_NO_COMMON_BLOCKS = YES;
				GCC_OPTIMIZATION_LEVEL = 0;
				GCC_PREPROCESSOR_DEFINITIONS = (
					"DEBUG=1",
					"$(inherited)",
				);
				GCC_WARN_64_TO_32_BIT_CONVERSION = YES;
				GCC_WARN_ABOUT_RETURN_TYPE = YES_ERROR;
				GCC_WARN_UNDECLARED_SELECTOR = YES;
				GCC_WARN_UNINITIALIZED_AUTOS = YES_AGGRESSIVE;
				GCC_WARN_UNUSED_FUNCTION = YES;
				GCC_WARN_UNUSED_VARIABLE = YES;
				IPHONEOS_DEPLOYMENT_TARGET = 17.0;
				LOCALIZATION_PREFERS_STRING_CATALOGS = YES;
				MTL_ENABLE_DEBUG_INFO = INCLUDE_SOURCE;
				MTL_FAST_MATH = YES;
				ONLY_ACTIVE_ARCH = YES;
				SDKROOT = iphoneos;
				SWIFT_ACTIVE_COMPILATION_CONDITIONS = "DEBUG $(inherited)";
				SWIFT_OPTIMIZATION_LEVEL = "-Onone";
			};
			name = Debug;
		};
		E1BC24402B06C3260038CFDD /* Release */ = {
			isa = XCBuildConfiguration;
			baseConfigurationReference = E1BC24612B06CE3C0038CFDD /* Config.xcconfig */;
			buildSettings = {
				ALWAYS_SEARCH_USER_PATHS = NO;
				ASSETCATALOG_COMPILER_GENERATE_SWIFT_ASSET_SYMBOL_EXTENSIONS = YES;
				CLANG_ANALYZER_NONNULL = YES;
				CLANG_ANALYZER_NUMBER_OBJECT_CONVERSION = YES_AGGRESSIVE;
				CLANG_CXX_LANGUAGE_STANDARD = "gnu++20";
				CLANG_ENABLE_MODULES = YES;
				CLANG_ENABLE_OBJC_ARC = YES;
				CLANG_ENABLE_OBJC_WEAK = YES;
				CLANG_WARN_BLOCK_CAPTURE_AUTORELEASING = YES;
				CLANG_WARN_BOOL_CONVERSION = YES;
				CLANG_WARN_COMMA = YES;
				CLANG_WARN_CONSTANT_CONVERSION = YES;
				CLANG_WARN_DEPRECATED_OBJC_IMPLEMENTATIONS = YES;
				CLANG_WARN_DIRECT_OBJC_ISA_USAGE = YES_ERROR;
				CLANG_WARN_DOCUMENTATION_COMMENTS = YES;
				CLANG_WARN_EMPTY_BODY = YES;
				CLANG_WARN_ENUM_CONVERSION = YES;
				CLANG_WARN_INFINITE_RECURSION = YES;
				CLANG_WARN_INT_CONVERSION = YES;
				CLANG_WARN_NON_LITERAL_NULL_CONVERSION = YES;
				CLANG_WARN_OBJC_IMPLICIT_RETAIN_SELF = YES;
				CLANG_WARN_OBJC_LITERAL_CONVERSION = YES;
				CLANG_WARN_OBJC_ROOT_CLASS = YES_ERROR;
				CLANG_WARN_QUOTED_INCLUDE_IN_FRAMEWORK_HEADER = YES;
				CLANG_WARN_RANGE_LOOP_ANALYSIS = YES;
				CLANG_WARN_STRICT_PROTOTYPES = YES;
				CLANG_WARN_SUSPICIOUS_MOVE = YES;
				CLANG_WARN_UNGUARDED_AVAILABILITY = YES_AGGRESSIVE;
				CLANG_WARN_UNREACHABLE_CODE = YES;
				CLANG_WARN__DUPLICATE_METHOD_MATCH = YES;
				COPY_PHASE_STRIP = NO;
				DEBUG_INFORMATION_FORMAT = "dwarf-with-dsym";
				ENABLE_NS_ASSERTIONS = NO;
				ENABLE_STRICT_OBJC_MSGSEND = YES;
				ENABLE_USER_SCRIPT_SANDBOXING = YES;
				GCC_C_LANGUAGE_STANDARD = gnu17;
				GCC_NO_COMMON_BLOCKS = YES;
				GCC_WARN_64_TO_32_BIT_CONVERSION = YES;
				GCC_WARN_ABOUT_RETURN_TYPE = YES_ERROR;
				GCC_WARN_UNDECLARED_SELECTOR = YES;
				GCC_WARN_UNINITIALIZED_AUTOS = YES_AGGRESSIVE;
				GCC_WARN_UNUSED_FUNCTION = YES;
				GCC_WARN_UNUSED_VARIABLE = YES;
				IPHONEOS_DEPLOYMENT_TARGET = 17.0;
				LOCALIZATION_PREFERS_STRING_CATALOGS = YES;
				MTL_ENABLE_DEBUG_INFO = NO;
				MTL_FAST_MATH = YES;
				SDKROOT = iphoneos;
				SWIFT_COMPILATION_MODE = wholemodule;
				VALIDATE_PRODUCT = YES;
			};
			name = Release;
		};
		E1BC24422B06C3260038CFDD /* Debug */ = {
			isa = XCBuildConfiguration;
			baseConfigurationReference = E1BC24612B06CE3C0038CFDD /* Config.xcconfig */;
			buildSettings = {
				ASSETCATALOG_COMPILER_APPICON_NAME = AppIcon;
				ASSETCATALOG_COMPILER_GLOBAL_ACCENT_COLOR_NAME = AccentColor;
				CODE_SIGN_STYLE = Automatic;
				CURRENT_PROJECT_VERSION = 1;
				GENERATE_INFOPLIST_FILE = YES;
				INFOPLIST_FILE = SugarBox/Info.plist;
				INFOPLIST_KEY_UIApplicationSupportsIndirectInputEvents = YES;
				INFOPLIST_KEY_UILaunchStoryboardName = LaunchScreen;
				INFOPLIST_KEY_UIMainStoryboardFile = Home;
				INFOPLIST_KEY_UISupportedInterfaceOrientations_iPad = "UIInterfaceOrientationPortrait UIInterfaceOrientationPortraitUpsideDown UIInterfaceOrientationLandscapeLeft UIInterfaceOrientationLandscapeRight";
				INFOPLIST_KEY_UISupportedInterfaceOrientations_iPhone = "UIInterfaceOrientationPortrait UIInterfaceOrientationLandscapeLeft UIInterfaceOrientationLandscapeRight";
				LD_RUNPATH_SEARCH_PATHS = (
					"$(inherited)",
					"@executable_path/Frameworks",
				);
				MARKETING_VERSION = 1.0;
				PRODUCT_BUNDLE_IDENTIFIER = SRK.SugarBox;
				PRODUCT_NAME = "$(TARGET_NAME)";
				SWIFT_EMIT_LOC_STRINGS = YES;
				SWIFT_VERSION = 5.0;
				TARGETED_DEVICE_FAMILY = "1,2";
			};
			name = Debug;
		};
		E1BC24432B06C3260038CFDD /* Release */ = {
			isa = XCBuildConfiguration;
			baseConfigurationReference = E1BC24612B06CE3C0038CFDD /* Config.xcconfig */;
			buildSettings = {
				ASSETCATALOG_COMPILER_APPICON_NAME = AppIcon;
				ASSETCATALOG_COMPILER_GLOBAL_ACCENT_COLOR_NAME = AccentColor;
				CODE_SIGN_STYLE = Automatic;
				CURRENT_PROJECT_VERSION = 1;
				GENERATE_INFOPLIST_FILE = YES;
				INFOPLIST_FILE = SugarBox/Info.plist;
				INFOPLIST_KEY_UIApplicationSupportsIndirectInputEvents = YES;
				INFOPLIST_KEY_UILaunchStoryboardName = LaunchScreen;
				INFOPLIST_KEY_UIMainStoryboardFile = Home;
				INFOPLIST_KEY_UISupportedInterfaceOrientations_iPad = "UIInterfaceOrientationPortrait UIInterfaceOrientationPortraitUpsideDown UIInterfaceOrientationLandscapeLeft UIInterfaceOrientationLandscapeRight";
				INFOPLIST_KEY_UISupportedInterfaceOrientations_iPhone = "UIInterfaceOrientationPortrait UIInterfaceOrientationLandscapeLeft UIInterfaceOrientationLandscapeRight";
				LD_RUNPATH_SEARCH_PATHS = (
					"$(inherited)",
					"@executable_path/Frameworks",
				);
				MARKETING_VERSION = 1.0;
				PRODUCT_BUNDLE_IDENTIFIER = SRK.SugarBox;
				PRODUCT_NAME = "$(TARGET_NAME)";
				SWIFT_EMIT_LOC_STRINGS = YES;
				SWIFT_VERSION = 5.0;
				TARGETED_DEVICE_FAMILY = "1,2";
			};
			name = Release;
		};
/* End XCBuildConfiguration section */

/* Begin XCConfigurationList section */
		E1BC24282B06C3230038CFDD /* Build configuration list for PBXProject "SugarBox" */ = {
			isa = XCConfigurationList;
			buildConfigurations = (
				E1BC243F2B06C3260038CFDD /* Debug */,
				E1BC24402B06C3260038CFDD /* Release */,
			);
			defaultConfigurationIsVisible = 0;
			defaultConfigurationName = Release;
		};
		E1BC24412B06C3260038CFDD /* Build configuration list for PBXNativeTarget "SugarBox" */ = {
			isa = XCConfigurationList;
			buildConfigurations = (
				E1BC24422B06C3260038CFDD /* Debug */,
				E1BC24432B06C3260038CFDD /* Release */,
			);
			defaultConfigurationIsVisible = 0;
			defaultConfigurationName = Release;
		};
/* End XCConfigurationList section */
	};
	rootObject = E1BC24252B06C3230038CFDD /* Project object */;
}
